{
  "pins" : [
    {
      "identity" : "plugininterface",
      "kind" : "remoteSourceControl",
      "location" : "https://github.com/swift-setup/PluginInterface",
      "state" : {
        "revision" : "068e8449adc25ae468348e1732fbb60a693893ab",
        "version" : "1.3.3"
      }
    }
  ],
  "version" : 2
}
