{
  "pins" : [
    {
      "identity" : "plugininterface",
      "kind" : "remoteSourceControl",
      "location" : "https://github.com/swift-setup/PluginInterface",
      "state" : {
        "revision" : "fa2003cd5f4203edf7736b47e8e847577c2fb219",
        "version" : "1.3.6"
      }
    }
  ],
  "version" : 2
}
