{
  "pins" : [
    {
      "identity" : "plugininterface",
      "kind" : "remoteSourceControl",
      "location" : "https://github.com/swift-setup/PluginInterface",
      "state" : {
        "revision" : "fd6b80ea5e3b120c582732cb6e138b51f5dc7bbd",
        "version" : "1.3.5"
      }
    }
  ],
  "version" : 2
}
